
Microsoft Visual Studio Solution File, Format Version 12.00
# Visual Studio Version 17
VisualStudioVersion = 17.11.35219.272
MinimumVisualStudioVersion = 10.0.40219.1
Project("{FAE04EC0-301F-11D3-BF4B-00C04F79EFBC}") = "BusinessObjects", "BusinessObjects\BusinessObjects.csproj", "{39CB94D8-5529-4D69-BCBD-8FB2AE896FF6}"
EndProject
Project("{FAE04EC0-301F-11D3-BF4B-00C04F79EFBC}") = "Repositories", "Repositories\Repositories.csproj", "{EE8D51F3-69C7-4871-81EF-BFD5546592FD}"
EndProject
Project("{FAE04EC0-301F-11D3-BF4B-00C04F79EFBC}") = "DataAccess", "DataAccess\DataAccess.csproj", "{74CEC70E-0603-482E-8588-02F6F0D4AAD5}"
EndProject
Project("{FAE04EC0-301F-11D3-BF4B-00C04F79EFBC}") = "ProjectManagementAPI", "ProjectManagementAPI\ProjectManagementAPI.csproj", "{5E25CAAC-3BAB-44D1-8EF3-2CF0EDDCC330}"
EndProject
Project("{FAE04EC0-301F-11D3-BF4B-00C04F79EFBC}") = "ProductManagementWebClient", "ProductManagementWebClient\ProductManagementWebClient.csproj", "{96D08303-DBF4-4D3D-B509-6086B6BA573D}"
EndProject
Global
	GlobalSection(SolutionConfigurationPlatforms) = preSolution
		Debug|Any CPU = Debug|Any CPU
		Release|Any CPU = Release|Any CPU
	EndGlobalSection
	GlobalSection(ProjectConfigurationPlatforms) = postSolution
		{39CB94D8-5529-4D69-BCBD-8FB2AE896FF6}.Debug|Any CPU.ActiveCfg = Debug|Any CPU
		{39CB94D8-5529-4D69-BCBD-8FB2AE896FF6}.Debug|Any CPU.Build.0 = Debug|Any CPU
		{39CB94D8-5529-4D69-BCBD-8FB2AE896FF6}.Release|Any CPU.ActiveCfg = Release|Any CPU
		{39CB94D8-5529-4D69-BCBD-8FB2AE896FF6}.Release|Any CPU.Build.0 = Release|Any CPU
		{EE8D51F3-69C7-4871-81EF-BFD5546592FD}.Debug|Any CPU.ActiveCfg = Debug|Any CPU
		{EE8D51F3-69C7-4871-81EF-BFD5546592FD}.Debug|Any CPU.Build.0 = Debug|Any CPU
		{EE8D51F3-69C7-4871-81EF-BFD5546592FD}.Release|Any CPU.ActiveCfg = Release|Any CPU
		{EE8D51F3-69C7-4871-81EF-BFD5546592FD}.Release|Any CPU.Build.0 = Release|Any CPU
		{74CEC70E-0603-482E-8588-02F6F0D4AAD5}.Debug|Any CPU.ActiveCfg = Debug|Any CPU
		{74CEC70E-0603-482E-8588-02F6F0D4AAD5}.Debug|Any CPU.Build.0 = Debug|Any CPU
		{74CEC70E-0603-482E-8588-02F6F0D4AAD5}.Release|Any CPU.ActiveCfg = Release|Any CPU
		{74CEC70E-0603-482E-8588-02F6F0D4AAD5}.Release|Any CPU.Build.0 = Release|Any CPU
		{5E25CAAC-3BAB-44D1-8EF3-2CF0EDDCC330}.Debug|Any CPU.ActiveCfg = Debug|Any CPU
		{5E25CAAC-3BAB-44D1-8EF3-2CF0EDDCC330}.Debug|Any CPU.Build.0 = Debug|Any CPU
		{5E25CAAC-3BAB-44D1-8EF3-2CF0EDDCC330}.Release|Any CPU.ActiveCfg = Release|Any CPU
		{5E25CAAC-3BAB-44D1-8EF3-2CF0EDDCC330}.Release|Any CPU.Build.0 = Release|Any CPU
		{96D08303-DBF4-4D3D-B509-6086B6BA573D}.Debug|Any CPU.ActiveCfg = Debug|Any CPU
		{96D08303-DBF4-4D3D-B509-6086B6BA573D}.Debug|Any CPU.Build.0 = Debug|Any CPU
		{96D08303-DBF4-4D3D-B509-6086B6BA573D}.Release|Any CPU.ActiveCfg = Release|Any CPU
		{96D08303-DBF4-4D3D-B509-6086B6BA573D}.Release|Any CPU.Build.0 = Release|Any CPU
	EndGlobalSection
	GlobalSection(SolutionProperties) = preSolution
		HideSolutionNode = FALSE
	EndGlobalSection
	GlobalSection(ExtensibilityGlobals) = postSolution
		SolutionGuid = {9AB90C09-3EFA-45E6-9C24-375E0B53CD30}
	EndGlobalSection
EndGlobal
